github.com/davecgh/go-spew v1.1.1 h1:vj9j/u1bqnvCEfJOwUhtlOARqs3+rkHYY13jYWTU97c=
github.com/davecgh/go-spew v1.1.1/go.mod h1:J7Y8YcW2NihsgmVo/mv3lAwl/skON4iLHjSsI+c5H38=
github.com/gogo/protobuf v0.0.0-20160617091352-2752d97bbd91 h1:zrdD+h/QErLRIEtNlmMQjJJgAHL7nrMZLg98n8FbMkU=
github.com/gogo/protobuf v0.0.0-20160617091352-2752d97bbd91/go.mod h1:r8qH/GZQm5c6nD/R0oafs1akxWv10x8SbQlK7atdtwQ=
github.com/graphql-go/graphql v0.0.0-20160318075850-909ca9f800e7 h1:v7gIfsxqCQky9rlFotSekxmri0DCyh+Z+KkM5Mq9mc4=
github.com/graphql-go/graphql v0.0.0-20160318075850-909ca9f800e7/go.mod h1:k6yrAYQaSP59DC5UVxbgxESlmVyojThKdORUqGDGmrI=
github.com/pmezard/go-difflib v1.0.0 h1:4DBwDE0NGyQoBHbLQYPwSUPoCMWR5BEzIk/f1lZbAQM=
github.com/pmezard/go-difflib v1.0.0/go.mod h1:iKH77koFhYxTK1pcRnkKkqfTogsbg7gZNVY4sRDYZ/4=
github.com/stretchr/testify v0.0.0-20160407130123-0744955171b0 h1:KB4bmngq8t/9CYVz2+sY5O2OHKTfNsEi0cDHvw6EITE=
github.com/stretchr/testify v0.0.0-20160407130123-0744955171b0/go.mod h1:a8OnRcib4nhh0OaRAV+Yts87kKdq0PP7pXfy6kDkUVs=
golang.org/x/net v0.0.0-20160619234541-8bf2b39827db h1:nk9IiC6HVqPAh457jV2aLFMW40tET6Ac6o1b6VVeeAU=
golang.org/x/net v0.0.0-20160619234541-8bf2b39827db/go.mod h1:mL1N/T3taQHkDXs73rZJwtUhF3w3ftmwwsq0BUmARs4=
google.golang.org/grpc v0.0.0-20160614223602-e78224b060cf/go.mod h1:yo6s7OP7yaDglbqo1J04qKzAhqBH6lvTonzMVmEdcZw=
